[[package]]
category = "main"
description = "File support for asyncio."
name = "aiofiles"
optional = false
python-versions = "*"
version = "0.4.0"

[[package]]
category = "main"
description = "Python package for providing Mozilla's CA Bundle."
name = "certifi"
optional = false
python-versions = "*"
version = "2019.11.28"

[[package]]
category = "main"
description = "Universal encoding detector for Python 2 and 3"
name = "chardet"
optional = false
python-versions = "*"
version = "3.0.4"

[[package]]
category = "main"
description = "PEP 567 Backport"
marker = "python_version < \"3.7\""
name = "contextvars"
optional = false
python-versions = "*"
version = "2.4"

[package.dependencies]
immutables = ">=0.9"

[[package]]
category = "main"
description = "A pure-Python, bring-your-own-I/O implementation of HTTP/1.1"
name = "h11"
optional = false
python-versions = "*"
version = "0.8.1"

[[package]]
category = "main"
description = "HTTP/2 State-Machine based protocol implementation"
name = "h2"
optional = false
python-versions = "*"
version = "3.1.1"

[package.dependencies]
hpack = ">=2.3,<4"
hyperframe = ">=5.2.0,<6"

[[package]]
category = "main"
description = "Pure-Python HPACK header compression"
name = "hpack"
optional = false
python-versions = "*"
version = "3.0.0"

[[package]]
category = "main"
description = "Chromium HSTS Preload list as a Python package and updated daily"
name = "hstspreload"
optional = false
python-versions = ">=3.6"
version = "2020.2.5"

[[package]]
category = "main"
description = "A collection of framework independent HTTP protocol utils."
name = "httptools"
optional = false
python-versions = "*"
version = "0.1.0"

[[package]]
category = "main"
description = "The next generation HTTP client."
name = "httpx"
optional = false
python-versions = ">=3.6"
version = "0.9.3"

[package.dependencies]
certifi = "*"
chardet = ">=3.0.0,<4.0.0"
h11 = ">=0.8.0,<0.9.0"
h2 = ">=3.0.0,<4.0.0"
hstspreload = "*"
idna = ">=2.0.0,<3.0.0"
rfc3986 = ">=1.3,<2"
sniffio = ">=1.0.0,<2.0.0"

[[package]]
category = "main"
description = "HTTP/2 framing layer for Python"
name = "hyperframe"
optional = false
python-versions = "*"
version = "5.2.0"

[[package]]
category = "main"
description = "Internationalized Domain Names in Applications (IDNA)"
name = "idna"
optional = false
python-versions = ">=2.7, !=3.0.*, !=3.1.*, !=3.2.*, !=3.3.*"
version = "2.8"

[[package]]
category = "main"
description = "Immutable Collections"
marker = "python_version < \"3.7\""
name = "immutables"
optional = false
python-versions = "*"
version = "0.11"

[[package]]
category = "main"
description = "multidict implementation"
name = "multidict"
optional = false
python-versions = ">=3.5"
version = "4.7.4"

[[package]]
category = "main"
description = "Validating URI References per RFC 3986"
name = "rfc3986"
optional = false
python-versions = "*"
version = "1.3.2"

[[package]]
category = "main"
description = "A web server and web framework that's written to go fast. Build fast. Run fast."
name = "sanic"
optional = false
python-versions = ">=3.6"
version = "19.12.2"

[package.dependencies]
aiofiles = ">=0.3.0"
httptools = ">=0.0.10"
httpx = "0.9.3"
multidict = ">=4.0,<5.0"
ujson = ">=1.35"
uvloop = ">=0.5.3"
websockets = ">=7.0,<9.0"

[[package]]
category = "main"
description = "Sniff out which async library your code is running under"
name = "sniffio"
optional = false
python-versions = ">=3.5"
version = "1.1.0"

[package.dependencies]
[package.dependencies.contextvars]
python = "<3.7"
version = ">=2.1"

[[package]]
category = "main"
description = "Ultra fast JSON encoder and decoder for Python"
marker = "sys_platform != \"win32\" and implementation_name == \"cpython\""
name = "ujson"
optional = false
python-versions = "*"
version = "1.35"

[[package]]
category = "main"
description = "Fast implementation of asyncio event loop on top of libuv"
marker = "sys_platform != \"win32\" and implementation_name == \"cpython\""
name = "uvloop"
optional = false
python-versions = "*"
version = "0.14.0"

[[package]]
category = "main"
description = "An implementation of the WebSocket Protocol (RFC 6455 & 7692)"
name = "websockets"
optional = false
python-versions = ">=3.6"
version = "8.0.2"

[metadata]
content-hash = "162062ad1dca70b652687c2e7db904de32fa82ec705bd1a6e6ef3413104a0509"
python-versions = "^3.6"

[metadata.hashes]
aiofiles = ["021ea0ba314a86027c166ecc4b4c07f2d40fc0f4b3a950d1868a0f2571c2bbee", "1e644c2573f953664368de28d2aa4c89dfd64550429d0c27c4680ccd3aa4985d"]
certifi = ["017c25db2a153ce562900032d5bc68e9f191e44e9a0f762f373977de9df1fbb3", "25b64c7da4cd7479594d035c08c2d809eb4aab3a26e5a990ea98cc450c320f1f"]
chardet = ["84ab92ed1c4d4f16916e05906b6b75a6c0fb5db821cc65e70cbd64a3e2a5eaae", "fc323ffcaeaed0e0a02bf4d117757b98aed530d9ed4531e3e15460124c106691"]
contextvars = ["f38c908aaa59c14335eeea12abea5f443646216c4e29380d7bf34d2018e2c39e"]
h11 = ["acca6a44cb52a32ab442b1779adf0875c443c689e9e028f8d831a3769f9c5208", "f2b1ca39bfed357d1f19ac732913d5f9faa54a5062eca7d2ec3a916cfb7ae4c7"]
h2 = ["ac377fcf586314ef3177bfd90c12c7826ab0840edeb03f0f24f511858326049e", "b8a32bd282594424c0ac55845377eea13fa54fe4a8db012f3a198ed923dc3ab4"]
hpack = ["0edd79eda27a53ba5be2dfabf3b15780928a0dff6eb0c60a3d6767720e970c89", "8eec9c1f4bfae3408a3f30500261f7e6a65912dc138526ea054f9ad98892e9d2"]
hstspreload = ["e1fc3184ddf1c8b1af7143b28d76cf648fe385cf29b6d4e7bc9d8fbab98867be"]
httptools = ["0680acab83b0699b770380b88a30e6da9a67aae56cece8559b5f7c6f26268f86", "31f6a76aa797a64447a36abc4b92fdeb6afe1726fe1b2516d50eedbcf98b1739", "46c964b75908568f0da46aa17eb11bf2bd00f9571bc392e38d5eba34daabd627", "86e777dbca5b82b23aa6939b98c80466bb9214790d927e870c26dffe8bf14ad0", "8bf3bbf76c97da8a4983051577d65db7eb86f2d1a38dca5cdcba5d2efb2a39f4", "b7ff7aa5c74c4732957c0722989a8c85c3102b01c4e5e37db64dc9923b485d70", "b89a46936bac45b2352818161819b10ed56cb8bb756addca162a3baf7606da64", "c6d5eadcdc1c6541bdf10a7dd4fa8949a1e46e99fa292b44159f0990ce7977ce", "d3a0f0c5ca38a6e5de11f114407dc143bdfcd13895fa35c57f0cca2b68606207", "ee10c3f4e6c2b252c9a5f2d550fb8aaf364551444527049856ac8c195092e75c"]
httpx = ["1291c5ad8c872668549abb99bf8d25d25bbcac4bac13863dee54252d66e90e6f", "b06753331906495b76f3feee654d1f430e61eb1c72d2fff9604c37af83878fc9"]
hyperframe = ["5187962cb16dcc078f23cb5a4b110098d546c3f41ff2d4038a9896893bbd0b40", "a9f5c17f2cc3c719b917c4f33ed1c61bd1f8dfac4b1bd23b7c80b3400971b41f"]
idna = ["c357b3f628cf53ae2c4c05627ecc484553142ca23264e593d327bcde5e9c3407", "ea8b7f6188e6fa117537c3df7da9fc686d485087abf6ac197f9c46432f7e4a3c"]
immutables = ["0aa055c745510238cbad2f1f709a37a1c9e30a38594de3b385e9876c48a25633", "0f07c58122e1ce70a7165e68e18e795ac5fe94d7fee3e045ffcf6432602026df", "1c2e729aab250be0de0c13fa833241a778b51390ee2650e0457d1e45b318c441", "2c536ff2bafeeff9a7865ea10a17a50f90b80b585e31396c349e8f57b0075bd4", "2de2ec8dde1ca154f811776a8cbbeaea515c3b226c26036eab6484530eea28e0", "422c7d4c75c88057c625e32992248329507bca180b48cfb702b4ef608f581b50", "518f20945c1f600b618fb691922c2ab43b193f04dd2d4d2823220d0202014670", "545186faab9237c102b8bcffd36d71f0b382174c93c501e061de239753cff694", "6b6d8d035e5888baad3db61dfb167476838a63afccecd927c365f228bb55754c", "b268422a5802fbf934152b835329ac0d23b80b558eaee68034d45718edab4a11", "b8fed714f1c84a3242c7184838f5e9889139a22bbdd701a182b7fdc237ca3cbb", "bce27277a2fe91509cca69181971ab509c2ee862e8b37b09f26b64f90e8fe8fb", "c7eb2d15c35c73bb168c002c6ea145b65f40131e10dede54b39db0b72849b280", "d6850578a0dc6530ac19113cfe4ddc13903df635212d498f176fe601a8a5a4a3", "e87bd941cb4dfa35f16e1ff4b2d99a2931452dcc9cfd788dc8fe513f3d38551e", "f5b93248552c9e7198558776da21c9157d3f70649905d7fdc083c2ab2fbc6088"]
multidict = ["13f3ebdb5693944f52faa7b2065b751cb7e578b8dd0a5bb8e4ab05ad0188b85e", "26502cefa86d79b86752e96639352c7247846515c864d7c2eb85d036752b643c", "4fba5204d32d5c52439f88437d33ad14b5f228e25072a192453f658bddfe45a7", "527124ef435f39a37b279653ad0238ff606b58328ca7989a6df372fd75d7fe26", "5414f388ffd78c57e77bd253cf829373721f450613de53dc85a08e34d806e8eb", "5eee66f882ab35674944dfa0d28b57fa51e160b4dce0ce19e47f495fdae70703", "63810343ea07f5cd86ba66ab66706243a6f5af075eea50c01e39b4ad6bc3c57a", "6bd10adf9f0d6a98ccc792ab6f83d18674775986ba9bacd376b643fe35633357", "83c6ddf0add57c6b8a7de0bc7e2d656be3eefeff7c922af9a9aae7e49f225625", "93166e0f5379cf6cd29746989f8a594fa7204dcae2e9335ddba39c870a287e1c", "9a7b115ee0b9b92d10ebc246811d8f55d0c57e82dbb6a26b23c9a9a6ad40ce0c", "a38baa3046cce174a07a59952c9f876ae8875ef3559709639c17fdf21f7b30dd", "a6d219f49821f4b2c85c6d426346a5d84dab6daa6f85ca3da6c00ed05b54022d", "a8ed33e8f9b67e3b592c56567135bb42e7e0e97417a4b6a771e60898dfd5182b", "d7d428488c67b09b26928950a395e41cc72bb9c3d5abfe9f0521940ee4f796d4", "dcfed56aa085b89d644af17442cdc2debaa73388feba4b8026446d168ca8dad7", "f29b885e4903bd57a7789f09fe9d60b6475a6c1a4c0eca874d8558f00f9d4b51"]
rfc3986 = ["0344d0bd428126ce554e7ca2b61787b6a28d2bbd19fc70ed2dd85efe31176405", "df4eba676077cefb86450c8f60121b9ae04b94f65f85b69f3f731af0516b7b18"]
sanic = ["0760b568245917481d65456721c1c50ba72e53e15a191392277751377f2cf770", "18350ed6e264631260044f6253f139f1ac83c4ce8a0202ec900ec5b50c5370ab"]
sniffio = ["20ed6d5b46f8ae136d00b9dcb807615d83ed82ceea6b2058cecb696765246da5", "8e3810100f69fe0edd463d02ad407112542a11ffdc29f67db2bf3771afb87a21"]
ujson = ["f66073e5506e91d204ab0c614a148d5aa938bdbf104751be66f8ad7a222f5f86"]
uvloop = ["08b109f0213af392150e2fe6f81d33261bb5ce968a288eb698aad4f46eb711bd", "123ac9c0c7dd71464f58f1b4ee0bbd81285d96cdda8bc3519281b8973e3a461e", "4315d2ec3ca393dd5bc0b0089d23101276778c304d42faff5dc4579cb6caef09", "4544dcf77d74f3a84f03dd6278174575c44c67d7165d4c42c71db3fdc3860726", "afd5513c0ae414ec71d24f6f123614a80f3d27ca655a4fcf6cabe50994cc1891", "b4f591aa4b3fa7f32fb51e2ee9fea1b495eb75b0b3c8d0ca52514ad675ae63f7", "bcac356d62edd330080aed082e78d4b580ff260a677508718f88016333e2c9c5", "e7514d7a48c063226b7d06617cbb12a14278d4323a065a8d46a7962686ce2e95", "f07909cd9fc08c52d294b1570bba92186181ca01fe3dc9ffba68955273dd7362"]
websockets = ["049e694abe33f8a1d99969fee7bfc0ae6761f7fd5f297c58ea933b27dd6805f2", "73ce69217e4655783ec72ce11c151053fcbd5b837cc39de7999e19605182e28a", "83e63aa73331b9ca21af61df8f115fb5fbcba3f281bee650a4ad16a40cd1ef15", "882a7266fa867a2ebb2c0baaa0f9159cabf131cf18c1b4270d79ad42f9208dc5", "8c77f7d182a6ea2a9d09c2612059f3ad859a90243e899617137ee3f6b7f2b584", "8d7a20a2f97f1e98c765651d9fb9437201a9ccc2c70e94b0270f1c5ef29667a3", "a7affaeffbc5d55681934c16bb6b8fc82bb75b175e7fd4dcca798c938bde8dda", "c82e286555f839846ef4f0fdd6910769a577952e1e26aa8ee7a6f45f040e3c2b", "e906128532a14b9d264a43eb48f9b3080d53a9bda819ab45bf56b8039dc606ac", "e9102043a81cdc8b7c8032ff4bce39f6229e4ac39cb2010946c912eeb84e2cb6", "f5cb2683367e32da6a256b60929a3af9c29c212b5091cf5bace9358d03011bf5"]
